{
    "_meta": {
        "hash": {
            "sha256": "37a03b2aafcd6d2b8490d386f8d2fa0346686a7be63c8ec8ccf06268d098ad84"
        },
        "pipfile-spec": 6,
        "requires": {
            "python_version": "3.8"
        },
        "sources": [
            {
                "name": "pypi",
                "url": "https://pypi.org/simple",
                "verify_ssl": true
            }
        ]
    },
    "default": {
        "attrs": {
            "hashes": [
                "sha256:149e90d6d8ac20db7a955ad60cf0e6881a3f20d37096140088356da6c716b0b1",
                "sha256:ef6aaac3ca6cd92904cdd0d83f629a15f18053ec84e6432106f7a4d04ae4f5fb"
            ],
            "markers": "python_version >= '2.7' and python_version not in '3.0, 3.1, 3.2, 3.3, 3.4'",
            "version": "==21.2.0"
        },
        "beautifulsoup4": {
            "hashes": [
                "sha256:9a315ce70049920ea4572a4055bc4bd700c940521d36fc858205ad4fcde149bf",
                "sha256:c23ad23c521d818955a4151a67d81580319d4bf548d3d49f4223ae041ff98891"
            ],
            "index": "pypi",
            "version": "==4.10.0"
        },
        "certifi": {
            "hashes": [
                "sha256:78884e7c1d4b00ce3cea67b44566851c4343c120abd683433ce934a68ea58872",
                "sha256:d62a0163eb4c2344ac042ab2bdf75399a71a2d8c7d47eac2e2ee91b9d6339569"
            ],
            "version": "==2021.10.8"
        },
        "charset-normalizer": {
            "hashes": [
                "sha256:e019de665e2bcf9c2b64e2e5aa025fa991da8720daa3c1138cadd2fd1856aed0",
                "sha256:f7af805c321bfa1ce6714c51f254e0d5bb5e5834039bc17db7ebe3a4cec9492b"
            ],
            "markers": "python_version >= '3'",
            "version": "==2.0.7"
        },
        "click": {
            "hashes": [
                "sha256:353f466495adaeb40b6b5f592f9f91cb22372351c84caeb068132442a4518ef3",
                "sha256:410e932b050f5eed773c4cda94de75971c89cdb3155a72a0831139a79e5ecb5b"
            ],
            "markers": "python_version >= '3.6'",
            "version": "==8.0.3"
        },
        "click-plugins": {
            "hashes": [
                "sha256:46ab999744a9d831159c3411bb0c79346d94a444df9a3a3742e9ed63645f264b",
                "sha256:5d262006d3222f5057fd81e1623d4443e41dcda5dc815c06b442aa3c02889fc8"
            ],
            "version": "==1.1.1"
        },
        "cligj": {
            "hashes": [
                "sha256:a4bc13d623356b373c2c27c53dbd9c68cae5d526270bfa71f6c6fa69669c6b27",
                "sha256:c1ca117dbce1fe20a5809dc96f01e1c2840f6dcc939b3ddbb1111bf330ba82df"
            ],
            "markers": "python_version >= '2.7' and python_version not in '3.0, 3.1, 3.2, 3.3' and python_version < '4'",
            "version": "==0.7.2"
        },
        "cython": {
            "hashes": [
                "sha256:09ac3087ac7a3d489ebcb3fb8402e00c13d1a3a1c6bc73fd3b0d756a3e341e79",
                "sha256:0a142c6b862e6ed6b02209d543062c038c110585b5e32d1ad7c9717af4f07e41",
                "sha256:0d414458cb22f8a90d64260da6dace5d5fcebde43f31be52ca51f818c46db8cb",
                "sha256:10cb3def9774fa99e4583617a5616874aed3255dc241fd1f4a3c2978c78e1c53",
                "sha256:112efa54a58293a4fb0acf0dd8e5b3736e95b595eee24dd88615648e445abe41",
                "sha256:166f9f29cd0058ce1a14a7b3a2458b849ed34b1ec5fd4108af3fdd2c24afcbb0",
                "sha256:2d9e61ed1056a3b6a4b9156b62297ad18b357a7948e57a2f49b061217696567e",
                "sha256:2f41ef7edd76dd23315925e003f0c58c8585f3ab24be6885c4b3f60e77c82746",
                "sha256:37bcfa5df2a3009f49624695d917c3804fccbdfcdc5eda6378754a879711a4d5",
                "sha256:416046a98255eff97ec02077d20ebeaae52682dfca1c35aadf31260442b92514",
                "sha256:4cf4452f0e4d50e11701bca38f3857fe6fa16593e7fd6a4d5f7be66f611b7da2",
                "sha256:55b0ee28c2c8118bfb3ad9b25cf7a6cbd724e442ea96956e32ccd908d5e3e043",
                "sha256:5dd56d0be50073f0e54825a8bc3393852de0eed126339ecbca0ae149dba55cfc",
                "sha256:5fa12ebafc2f688ea6d26ab6d1d2e634a9872509ba7135b902bb0d8b368fb04b",
                "sha256:5fb977945a2111f6b64501fdf7ed0ec162cc502b84457fd648d6a558ea8de0d6",
                "sha256:60c958bcab0ff315b4036a949bed1c65334e1f6a69e17e9966d742febb59043a",
                "sha256:661dbdea519d9cfb288867252b75fef73ffa8e8bb674cec27acf70646afb369b",
                "sha256:6a2cf2ccccc25413864928dfd730c29db6f63eaf98206c1e600003a445ca7f58",
                "sha256:6ade74eece909fd3a437d9a5084829180751d7ade118e281e9824dd75eafaff2",
                "sha256:73ac33a4379056a02031baa4def255717fadb9181b5ac2b244792d53eae1c925",
                "sha256:76cbca0188d278e93d12ebdaf5990678e6e436485fdfad49dbe9b07717d41a3c",
                "sha256:774cb8fd931ee1ba52c472bc1c19077cd6895c1b24014ae07bb27df59aed5ebe",
                "sha256:821c2d416ad7d006b069657ee1034c0e0cb45bdbe9ab6ab631e8c495dfcfa4ac",
                "sha256:84826ec1c11cda56261a252ddecac0c7d6b02e47e81b94f40b27b4c23c29c17c",
                "sha256:854fe2193d3ad4c8b61932ff54d6dbe10c5fa8749eb8958d72cc0ab28243f833",
                "sha256:88dc3c250dec280b0489a83950b15809762e27232f4799b1b8d0bad503f5ab84",
                "sha256:8cb87777e82d1996aef6c146560a19270684271c9c669ba62ac6803b3cd2ff82",
                "sha256:91339ee4b465924a3ea4b2a9cec7f7227bc4cadf673ce859d24c2b9ef60b1214",
                "sha256:9164aeef1af6f837e4fc20402a31d256188ba4d535e262c6cb78caf57ad744f8",
                "sha256:a102cfa795c6b3b81a29bdb9dbec545367cd7f353c03e6f30a056fdfefd92854",
                "sha256:ad43e684ade673565f6f9d6638015112f6c7f11aa2a632167b79014f613f0f5f",
                "sha256:afb521523cb46ddaa8d269b421f88ea2731fee05e65b952b96d4db760f5a2a1c",
                "sha256:b28f92e617f540d3f21f8fd479a9c6491be920ffff672a4c61b7fc4d7f749f39",
                "sha256:bc05de569f811be1fcfde6756c9048ae518f0c4b6d9f8f024752c5365d934cac",
                "sha256:cdf04d07c3600860e8c2ebaad4e8f52ac3feb212453c1764a49ac08c827e8443",
                "sha256:d8d1a087f35e39384303f5e6b75d465d6f29d746d7138eae9d3b6e8e6f769eae",
                "sha256:eb2843f8cc01c645725e6fc690a84e99cdb266ce8ebe427cf3a680ff09f876aa",
                "sha256:f2e9381497b12e8f622af620bde0d1d094035d79b899abb2ddd3a7891f535083",
                "sha256:f96411f0120b5cae483923aaacd2872af8709be4b46522daedc32f051d778385"
            ],
            "index": "pypi",
            "version": "==0.29.24"
        },
        "fiona": {
            "hashes": [
                "sha256:02880556540e36ad6aac97687799d9b3093c354787a47bc0e73026c7fc15f1b3",
                "sha256:03f910380dbe684730b59b817aa030e6e9a3ee79211b66c6db2d1c8fe6ea12de",
                "sha256:328340a448bed5c43d119f61f760368a04d13a302c59d2fccb051a3ff021f4b8",
                "sha256:3f668c471fa2f8c9c0a9ca83639cb2c8dcc93edc3d93d43dba2f9e8da38ad53e",
                "sha256:54f81039e913d0f88728ef23edf5a69038dec94dea54f4c799f972ba8e2a7d40",
                "sha256:5e1cef608c6de9039eaa65b395024096e3189ab0559a5a328c68c4690c3302ce",
                "sha256:a70502d2857b82f749c09cb0dea3726787747933a2a1599b5ab787d74e3c143b",
                "sha256:bef100ebd82afb9a4d67096216e82611b82ca9341330e4805832d7ff8c9bc1f7",
                "sha256:e72e4a5b84ec410be531d4fe4c1a5c87c6c0e92d01116c145c0f1b33f81c8080"
            ],
            "index": "pypi",
            "version": "==1.8.20"
        },
        "geopandas": {
            "hashes": [
                "sha256:1722853464441b603d9be3d35baf8bde43831424a891e82a8545eb8997b65d6c",
                "sha256:efbf47e70732e25c3727222019c92b39b2e0a66ebe4fe379fbe1aa43a2a871db"
            ],
            "index": "pypi",
            "version": "==0.10.2"
        },
        "idna": {
            "hashes": [
                "sha256:84d9dd047ffa80596e0f246e2eab0b391788b0503584e8945f2368256d2735ff",
                "sha256:9d643ff0a55b762d5cdb124b8eaa99c66322e2157b69160bc32796e824360e6d"
            ],
            "markers": "python_version >= '3'",
            "version": "==3.3"
        },
        "lxml": {
            "hashes": [
                "sha256:08eb9200d88b376a8ed5e50f1dc1d1a45b49305169674002a3b5929943390591",
                "sha256:0b12c95542f04d10cba46b3ff28ea52ea56995b78cf918f0b11b05e75812bb79",
                "sha256:0c15e1cd55055956e77b0732270f1c6005850696bc3ef3e03d01e78af84eaa42",
                "sha256:15d0381feb56f08f78c5cc4fc385ddfe0bde1456e37f54a9322833371aec4060",
                "sha256:197b7cb7a753cf553a45115739afd8458464a28913da00f5c525063f94cd3f48",
                "sha256:20d7c8d90d449c6a353b15ee0459abae8395dbe59ad01e406ccbf30cd81c6f98",
                "sha256:240db6f3228d26e3c6f4fad914b9ddaaf8707254e8b3efd564dc680c8ec3c264",
                "sha256:2901625f4a878a055d275beedc20ba9cb359cefc4386a967222fee29eb236038",
                "sha256:2b06a91cf7b8acea7793006e4ae50646cef0fe35ce5acd4f5cb1c77eb228e4a1",
                "sha256:2eb90f6ec3c236ef2f1bb38aee7c0d23e77d423d395af6326e7cca637519a4cb",
                "sha256:351482da8dd028834028537f08724b1de22d40dcf3bb723b469446564f409074",
                "sha256:35752ee40f7bbf6adc9ff4e1f4b84794a3593736dcce80db32e3c2aa85e294ac",
                "sha256:38b9de0de3aa689fe9fb9877ae1be1e83b8cf9621f7e62049d0436b9ecf4ad64",
                "sha256:433df8c7dde0f9e41cbf4f36b0829d50a378116ef5e962ba3881f2f5f025c7be",
                "sha256:4341d135f5660db10184963d9c3418c3e28d7f868aaf8b11a323ebf85813f7f4",
                "sha256:45fdb2899c755138722797161547a40b3e2a06feda620cc41195ee7e97806d81",
                "sha256:4717123f7c11c81e0da69989e5a64079c3f402b0efeb4c6241db6c369d657bd8",
                "sha256:47e955112ce64241fdb357acf0216081f9f3255b3ac9c502ca4b3323ec1ca558",
                "sha256:48eaac2991b3036175b42ee8d3c23f4cca13f2be8426bf29401a690ab58c88f4",
                "sha256:4aa349c5567651f34d4eaae7de6ed5b523f6d70a288f9c6fbac22d13a0784e04",
                "sha256:4ba74afe5ee5cb5e28d83b513a6e8f0875fda1dc1a9aea42cc0065f029160d2a",
                "sha256:4ec9a80dd5704ecfde54319b6964368daf02848c8954d3bacb9b64d1c7659159",
                "sha256:50790313df028aa05cf22be9a8da033b86c42fa32523e4fd944827b482b17bf0",
                "sha256:51a0e5d243687596f46e24e464121d4b232ad772e2d1785b2a2c0eb413c285d4",
                "sha256:523f195948a1ba4f9f5b7294d83c6cd876547dc741820750a7e5e893a24bbe38",
                "sha256:543b239b191bb3b6d9bef5f09f1fb2be5b7eb09ab4d386aa655e4d53fbe9ff47",
                "sha256:5ff5bb2a198ea67403bb6818705e9a4f90e0313f2215428ec51001ce56d939fb",
                "sha256:601f0ab75538b280aaf1e720eb9d68d4fa104ac274e1e9e6971df488f4dcdb0f",
                "sha256:6020c70ff695106bf80651953a23e37718ef1fee9abd060dcad8e32ab2dc13f3",
                "sha256:619c6d2b552bba00491e96c0518aad94002651c108a0f7364ff2d7798812c00e",
                "sha256:6298f5b42a26581206ef63fffa97c754245d329414108707c525512a5197f2ba",
                "sha256:662523cd2a0246740225c7e32531f2e766544122e58bee70e700a024cfc0cf81",
                "sha256:6764998345552b1dfc9326a932d2bad6367c6b37a176bb73ada6b9486bf602f7",
                "sha256:6d422b3c729737d8a39279a25fa156c983a56458f8b2f97661ee6fb22b80b1d6",
                "sha256:72e730d33fe2e302fd07285f14624fca5e5e2fb2bb4fb2c3941e318c41c443d1",
                "sha256:75d3c5bbc0ddbad03bb68b9be638599f67e4b98ed3dcd0fec9f6f39e41ee96cb",
                "sha256:7ae7089d81fc502df4b217ad77f03c54039fe90dac0acbe70448d7e53bfbc57e",
                "sha256:80d10d53d3184837445ff8562021bdd37f57c4cadacbf9d8726cc16220a00d54",
                "sha256:877666418598f6cb289546c77ff87590cfd212f903b522b0afa0b9fb73b3ccfb",
                "sha256:9b87727561c1150c0cc91c5d9d389448b37a7d15f0ba939ed3d1acb2f11bf6c5",
                "sha256:9c91a73971a922c13070fd8fa5a114c858251791ba2122a941e6aa781c713e44",
                "sha256:9db24803fa71e3305fe4a7812782b708da21a0b774b130dd1860cf40a6d7a3ee",
                "sha256:a75c1ad05eedb1a3ff2a34a52a4f0836cfaa892e12796ba39a7732c82701eff4",
                "sha256:a77a3470ba37e11872c75ca95baf9b3312133a3d5a5dc720803b23098c653976",
                "sha256:ab6db93a2b6b66cbf62b4e4a7135f476e708e8c5c990d186584142c77d7f975a",
                "sha256:afd60230ad9d8bcba005945ec3a343722f09e0b7f8ae804246e5d2cfc6bd71a6",
                "sha256:b0ca0ada9d3bc18bd6f611bd001a28abdd49ab9698bd6d717f7f5394c8e94628",
                "sha256:b567178a74a2261345890eac66fbf394692a6e002709d329f28a673ca6042473",
                "sha256:b667c51682fe9b9788c69465956baa8b6999531876ccedcafc895c74ad716cd8",
                "sha256:bbf2dc330bd44bfc0254ab37677ec60f7c7ecea55ad8ba1b8b2ea7bf20c265f5",
                "sha256:bdc224f216ead849e902151112efef6e96c41ee1322e15d4e5f7c8a826929aee",
                "sha256:cf201bf5594d1aab139fe53e3fca457e4f8204a5bbd65d48ab3b82a16f517868",
                "sha256:d43bd68714049c84e297c005456a15ecdec818f7b5aa5868c8b0a865cfb78a44",
                "sha256:daf9bd1fee31f1c7a5928b3e1059e09a8d683ea58fb3ffc773b6c88cb8d1399c",
                "sha256:e678a643177c0e5ec947b645fa7bc84260dfb9b6bf8fb1fdd83008dfc2ca5928",
                "sha256:e91d24623e747eeb2d8121f4a94c6a7ad27dc48e747e2dc95bfe88632bd028a2",
                "sha256:e95da348d57eb448d226a44b868ff2ca5786fbcbe417ac99ff62d0a7d724b9c7",
                "sha256:ee9e4b07b0eba4b6a521509e9e1877476729c1243246b6959de697ebea739643",
                "sha256:f5dd358536b8a964bf6bd48de038754c1609e72e5f17f5d21efe2dda17594dbf",
                "sha256:ffd65cfa33fed01735c82aca640fde4cc63f0414775cba11e06f84fae2085a6e"
            ],
            "index": "pypi",
            "version": "==4.6.4"
        },
        "munch": {
            "hashes": [
                "sha256:2d735f6f24d4dba3417fa448cae40c6e896ec1fdab6cdb5e6510999758a4dbd2",
                "sha256:6f44af89a2ce4ed04ff8de41f70b226b984db10a91dcc7b9ac2efc1c77022fdd"
            ],
            "version": "==2.5.0"
        },
        "numpy": {
            "hashes": [
                "sha256:0b78ecfa070460104934e2caf51694ccd00f37d5e5dbe76f021b1b0b0d221823",
                "sha256:1247ef28387b7bb7f21caf2dbe4767f4f4175df44d30604d42ad9bd701ebb31f",
                "sha256:1403b4e2181fc72664737d848b60e65150f272fe5a1c1cbc16145ed43884065a",
                "sha256:170b2a0805c6891ca78c1d96ee72e4c3ed1ae0a992c75444b6ab20ff038ba2cd",
                "sha256:2e4ed57f45f0aa38beca2a03b6532e70e548faf2debbeb3291cfc9b315d9be8f",
                "sha256:32fe5b12061f6446adcbb32cf4060a14741f9c21e15aaee59a207b6ce6423469",
                "sha256:34f3456f530ae8b44231c63082c8899fe9c983fd9b108c997c4b1c8c2d435333",
                "sha256:4c9c23158b87ed0e70d9a50c67e5c0b3f75bcf2581a8e34668d4e9d7474d76c6",
                "sha256:5d95668e727c75b3f5088ec7700e260f90ec83f488e4c0aaccb941148b2cd377",
                "sha256:615d4e328af7204c13ae3d4df7615a13ff60a49cb0d9106fde07f541207883ca",
                "sha256:69077388c5a4b997442b843dbdc3a85b420fb693ec8e33020bb24d647c164fa5",
                "sha256:74b85a17528ca60cf98381a5e779fc0264b4a88b46025e6bcbe9621f46bb3e63",
                "sha256:81225e58ef5fce7f1d80399575576fc5febec79a8a2742e8ef86d7b03beef49f",
                "sha256:8890b3360f345e8360133bc078d2dacc2843b6ee6059b568781b15b97acbe39f",
                "sha256:92aafa03da8658609f59f18722b88f0a73a249101169e28415b4fa148caf7e41",
                "sha256:9864424631775b0c052f3bd98bc2712d131b3e2cd95d1c0c68b91709170890b0",
                "sha256:9e6f5f50d1eff2f2f752b3089a118aee1ea0da63d56c44f3865681009b0af162",
                "sha256:a3deb31bc84f2b42584b8c4001c85d1934dbfb4030827110bc36bfd11509b7bf",
                "sha256:ad010846cdffe7ec27e3f933397f8a8d6c801a48634f419e3d075db27acf5880",
                "sha256:b1e2312f5b8843a3e4e8224b2b48fe16119617b8fc0a54df8f50098721b5bed2",
                "sha256:bc988afcea53e6156546e5b2885b7efab089570783d9d82caf1cfd323b0bb3dd",
                "sha256:c449eb870616a7b62e097982c622d2577b3dbc800aaf8689254ec6e0197cbf1e",
                "sha256:c74c699b122918a6c4611285cc2cad4a3aafdb135c22a16ec483340ef97d573c",
                "sha256:c885bfc07f77e8fee3dc879152ba993732601f1f11de248d4f357f0ffea6a6d4",
                "sha256:e3c3e990274444031482a31280bf48674441e0a5b55ddb168f3a6db3e0c38ec8",
                "sha256:e4799be6a2d7d3c33699a6f77201836ac975b2e1b98c2a07f66a38f499cb50ce",
                "sha256:e6c76a87633aa3fa16614b61ccedfae45b91df2767cf097aa9c933932a7ed1e0",
                "sha256:e89717274b41ebd568cd7943fc9418eeb49b1785b66031bc8a7f6300463c5898",
                "sha256:f5162ec777ba7138906c9c274353ece5603646c6965570d82905546579573f73",
                "sha256:fde96af889262e85aa033f8ee1d3241e32bf36228318a61f1ace579df4e8170d"
            ],
            "index": "pypi",
            "version": "==1.21.4"
        },
        "pandas": {
            "hashes": [
                "sha256:003ba92db58b71a5f8add604a17a059f3068ef4e8c0c365b088468d0d64935fd",
                "sha256:10e10a2527db79af6e830c3d5842a4d60383b162885270f8cffc15abca4ba4a9",
                "sha256:22808afb8f96e2269dcc5b846decacb2f526dd0b47baebc63d913bf847317c8f",
                "sha256:2d1dc09c0013d8faa7474574d61b575f9af6257ab95c93dcf33a14fd8d2c1bab",
                "sha256:35c77609acd2e4d517da41bae0c11c70d31c87aae8dd1aabd2670906c6d2c143",
                "sha256:372d72a3d8a5f2dbaf566a5fa5fa7f230842ac80f29a931fb4b071502cf86b9a",
                "sha256:42493f8ae67918bf129869abea8204df899902287a7f5eaf596c8e54e0ac7ff4",
                "sha256:4acc28364863127bca1029fb72228e6f473bb50c32e77155e80b410e2068eeac",
                "sha256:5298a733e5bfbb761181fd4672c36d0c627320eb999c59c65156c6a90c7e1b4f",
                "sha256:5ba0aac1397e1d7b654fccf263a4798a9e84ef749866060d19e577e927d66e1b",
                "sha256:9707bdc1ea9639c886b4d3be6e2a45812c1ac0c2080f94c31b71c9fa35556f9b",
                "sha256:a2aa18d3f0b7d538e21932f637fbfe8518d085238b429e4790a35e1e44a96ffc",
                "sha256:a388960f979665b447f0847626e40f99af8cf191bce9dc571d716433130cb3a7",
                "sha256:a51528192755f7429c5bcc9e80832c517340317c861318fea9cea081b57c9afd",
                "sha256:b528e126c13816a4374e56b7b18bfe91f7a7f6576d1aadba5dee6a87a7f479ae",
                "sha256:c1aa4de4919358c5ef119f6377bc5964b3a7023c23e845d9db7d9016fa0c5b1c",
                "sha256:c2646458e1dce44df9f71a01dc65f7e8fa4307f29e5c0f2f92c97f47a5bf22f5",
                "sha256:c2f44425594ae85e119459bb5abb0748d76ef01d9c08583a667e3339e134218e",
                "sha256:d47750cf07dee6b55d8423471be70d627314277976ff2edd1381f02d52dbadf9",
                "sha256:d99d2350adb7b6c3f7f8f0e5dfb7d34ff8dd4bc0a53e62c445b7e43e163fce63",
                "sha256:dd324f8ee05925ee85de0ea3f0d66e1362e8c80799eb4eb04927d32335a3e44a",
                "sha256:eaca36a80acaacb8183930e2e5ad7f71539a66805d6204ea88736570b2876a7b",
                "sha256:f567e972dce3bbc3a8076e0b675273b4a9e8576ac629149cf8286ee13c259ae5",
                "sha256:fe48e4925455c964db914b958f6e7032d285848b7538a5e1b19aeb26ffaea3ec"
            ],
            "index": "pypi",
            "version": "==1.3.4"
        },
        "pyproj": {
            "hashes": [
                "sha256:067a5c6099949edd66e9a10b139af4e2f65ebadb9f59583923a1d3feefac749a",
                "sha256:0e1fd560b509b722db6566fa9685252f25640e93464d09e13d5190ed7ab491ba",
                "sha256:235b52d8700ffb6be1f3638b1e25d83a9c13edcdb793236d8a98fd39227c5c27",
                "sha256:277072176a17471c0b1d25d6cae75401d81e9b50ea625ba546f5b79acd757dfc",
                "sha256:2c41c9b7b5e1a1b0acc2b7b2f5de65b226f7b96c870888e4f679ff96322b1ed0",
                "sha256:3d28b84913cd849832a8f154c0e0c2ee4618057f7389ee68bfdb2145e7ed78cc",
                "sha256:4125e6704751d0e82d8d912d9851da097e8d38599d4c45f9944faaeb21771938",
                "sha256:44b5590c0b8dd002154916e170ef88f57abf91005b34bcb23faef97abb4d42c2",
                "sha256:4d2fc49c73d9f34e932bf37926d56916ba1b6f2f693cd4d8cc1d0d9eacc0e537",
                "sha256:5a105bfe37c78416d2641cd5d3368c99057d041f15f8d51ea3898953b21395c9",
                "sha256:99f171da5f885efeec8d7fb2e2557175ffa8834eeb488842b1f52ac78a9a98e5",
                "sha256:ab4baf781721640659db83a6b4da636fc403008f4978c668275754284c946778",
                "sha256:b15e199c1da8fd132e11dfa68d8cf65d4812dedabc776b308df778ecd0d07658",
                "sha256:b48dd9e5736957707fce1d9253fb0772bcf80480198c7790e21fed73fee61240",
                "sha256:ce1adec823738e2d7c6af019fc38f58b4204bacfc782e4430373578c672f3833",
                "sha256:ce8bfbc212729e9a643f5f5d77f7a93394e032eda1e2d8799ae902d08add747e",
                "sha256:dbf479bd481774ad217e9db5674868eee8f01dfe3868f61753328895ae7da61a",
                "sha256:e70a1ea6f198cace1a492397bdd0a46e640201120973293d6c48031e370d6a87",
                "sha256:eca8ecf2b6b3225d93c723e6a2f51143d9195ac407f69e979363cdde344b93bb",
                "sha256:fcceb6736085bf19291b707bc67c8cebe05330bd02268e9b8eba6d28a1905fce"
            ],
            "markers": "python_version >= '3.8'",
            "version": "==3.3.0"
        },
        "python-dateutil": {
            "hashes": [
                "sha256:0123cacc1627ae19ddf3c27a5de5bd67ee4586fbdd6440d9748f8abb483d3e86",
                "sha256:961d03dc3453ebbc59dbdea9e4e11c5651520a876d0f4db161e8674aae935da9"
            ],
            "markers": "python_version >= '2.7' and python_version not in '3.0, 3.1, 3.2, 3.3'",
            "version": "==2.8.2"
        },
        "pytz": {
            "hashes": [
                "sha256:3672058bc3453457b622aab7a1c3bfd5ab0bdae451512f6cf25f64ed37f5b87c",
                "sha256:acad2d8b20a1af07d4e4c9d2e9285c5ed9104354062f275f3fcd88dcef4f1326"
            ],
            "version": "==2021.3"
        },
        "requests": {
            "hashes": [
                "sha256:6c1246513ecd5ecd4528a0906f910e8f0f9c6b8ec72030dc9fd154dc1a6efd24",
                "sha256:b8aa58f8cf793ffd8782d3d8cb19e66ef36f7aba4353eec859e74678b01b07a7"
            ],
            "index": "pypi",
            "version": "==2.26.0"
        },
        "setuptools": {
            "hashes": [
                "sha256:157d21de9d055ab9e8ea3186d91e7f4f865e11f42deafa952d90842671fc2576",
                "sha256:4adde3d1e1c89bde1c643c64d89cdd94cbfd8c75252ee459d4500bccb9c7d05d"
            ],
            "markers": "python_version >= '3.6'",
            "version": "==59.2.0"
        },
        "shapely": {
            "hashes": [
                "sha256:0e640d6da59172d679270f0dfd88128b6ae7c57df864a030dd858ff924c307fc",
                "sha256:13cbb959863cec32d48e2cffdc4bb81828bc3b0fa4256c9b2b32edac5021a0e4",
                "sha256:19b54cd840883fd71cce98fd94916d1731eed8a32c115eb082b3ed24e631be02",
                "sha256:1c5632cedea6d815b61eb4c264da1c3f24a8ce2ceba2f74e30fba340ca230563",
                "sha256:26b43b69dfeb8a8cb27aacf5597134baf12337845c2bacb01809540c20d3d904",
                "sha256:2c3cc87e66cbffd00ce0457c03969b64935752824bf43a1cd61f21cf606997d6",
                "sha256:4e8cdffeec6d0c47ed1eb215ec4e80c024ac05be6ded982061c1e1188034f22f",
                "sha256:622f62d2b2da81dd40841a56db0f78bcf9f9af7a83c7d5f5dc9bcb234aa650ba",
                "sha256:68bdf463f7a609fbed42bbded18fa74c82a5741251984a5597d070060f4286f4",
                "sha256:78b3a46dadd47c27e658d5e8d9006b4b1eb9b7ab947b450059225dcee799a18f",
                "sha256:796b15a483ac37c2dc757654186d0e064a42fb6f43cb9d1ff65d81cd0c92a84e",
                "sha256:7e1aebf4f1b2fbef40152fd531216387fcf6fe4ff2d777268381979b63c7c779",
                "sha256:83145eda2e582c2046d1ecc6a0d7dbfe97f492434311124f65ea60f4e87a6b65",
                "sha256:83d10f8b47a7568fc90063f72da62cda201dc92ecadf80cc00c015babc48e11f",
                "sha256:8917a91430126165cfa4bc2b4cf168121e37ff0c8657134e7398c597ca1fe934",
                "sha256:9b54ebd8fa4b78320f6d87032fe91363c7c1bf0f8d4a30eb93bca6413f787fd5",
                "sha256:bd84d993a0e8e07f5ebb4c67794d5392fdd23ce59a7ccc121900f2080f57989a",
                "sha256:cfb9d72d255af1a484e3859f4c9bb737950faf1d16c21d2b949ffc4ba5f46147",
                "sha256:d4ce1f18a0c9bb6b483c73bd7a0eb3a5e90676bcc29b9c27120236e662195c9d",
                "sha256:f304243b1f4d7bca9b3c9fdeec6565171e1b611fb4a3d6c93efc870c8a75958c",
                "sha256:f5307ee14ba4199f8bbcf6532ca33064661c1433960c432c84f0daa73b47ef9c"
            ],
            "index": "pypi",
            "version": "==1.8.0"
        },
        "six": {
            "hashes": [
                "sha256:1e61c37477a1626458e36f7b1d82aa5c9b094fa4802892072e49de9c60c4c926",
                "sha256:8abb2f1d86890a2dfb989f9a77cfcfd3e47c2a354b01111771326f8aa26e0254"
            ],
            "index": "pypi",
            "version": "==1.16.0"
        },
        "soupsieve": {
            "hashes": [
                "sha256:1a3cca2617c6b38c0343ed661b1fa5de5637f257d4fe22bd9f1338010a1efefb",
                "sha256:b8d49b1cd4f037c7082a9683dfa1801aa2597fb11c3a1155b7a5b94829b4f1f9"
            ],
            "markers": "python_version >= '3.6'",
            "version": "==2.3.1"
        },
        "tqdm": {
            "hashes": [
                "sha256:8dd278a422499cd6b727e6ae4061c40b48fce8b76d1ccbf5d34fca9b7f925b0c",
                "sha256:d359de7217506c9851b7869f3708d8ee53ed70a1b8edbba4dbcb47442592920d"
            ],
            "index": "pypi",
            "version": "==4.62.3"
        },
        "urllib3": {
            "hashes": [
                "sha256:4987c65554f7a2dbf30c18fd48778ef124af6fab771a377103da0585e2336ece",
                "sha256:c4fdf4019605b6e5423637e01bc9fe4daef873709a7973e195ceba0a62bbc844"
            ],
            "markers": "python_version >= '2.7' and python_version not in '3.0, 3.1, 3.2, 3.3, 3.4' and python_version < '4'",
            "version": "==1.26.7"
        }
    },
    "develop": {}
}
